// !$*UTF8*$!
{
	archiveVersion = 1;
	classes = {
	};
	objectVersion = 51;
	objects = {

/* Begin PBXBuildFile section */
		7811A207240943BE0065BE56 /* AppDelegate.swift in Sources */ = {isa = PBXBuildFile; fileRef = 7811A206240943BE0065BE56 /* AppDelegate.swift */; };
		7811A209240943BE0065BE56 /* SceneDelegate.swift in Sources */ = {isa = PBXBuildFile; fileRef = 7811A208240943BE0065BE56 /* SceneDelegate.swift */; };
		7811A20B240943BE0065BE56 /* ViewController.swift in Sources */ = {isa = PBXBuildFile; fileRef = 7811A20A240943BE0065BE56 /* ViewController.swift */; };
		7811A20E240943BE0065BE56 /* Main.storyboard in Resources */ = {isa = PBXBuildFile; fileRef = 7811A20C240943BE0065BE56 /* Main.storyboard */; };
		7811A210240943BF0065BE56 /* Assets.xcassets in Resources */ = {isa = PBXBuildFile; fileRef = 7811A20F240943BF0065BE56 /* Assets.xcassets */; };
		7811A213240943BF0065BE56 /* LaunchScreen.storyboard in Resources */ = {isa = PBXBuildFile; fileRef = 7811A211240943BF0065BE56 /* LaunchScreen.storyboard */; };
		7811A21F24094C980065BE56 /* MoyaService.swift in Sources */ = {isa = PBXBuildFile; fileRef = 7811A21E24094C980065BE56 /* MoyaService.swift */; };
		7811A22924094ED20065BE56 /* BaseAPIResponse.swift in Sources */ = {isa = PBXBuildFile; fileRef = 7811A22824094ED20065BE56 /* BaseAPIResponse.swift */; };
		7811A22B2409502B0065BE56 /* PeopleAPIReponse.swift in Sources */ = {isa = PBXBuildFile; fileRef = 7811A22A2409502B0065BE56 /* PeopleAPIReponse.swift */; };
		7811A22D240950B80065BE56 /* People.swift in Sources */ = {isa = PBXBuildFile; fileRef = 7811A22C240950B80065BE56 /* People.swift */; };
		B26E8B6398A7ED907C1EE3A5 /* Pods_starwars_app.framework in Frameworks */ = {isa = PBXBuildFile; fileRef = 69D3F0BBEE7F3CA968E63610 /* Pods_starwars_app.framework */; };
/* End PBXBuildFile section */

/* Begin PBXFileReference section */
		69D3F0BBEE7F3CA968E63610 /* Pods_starwars_app.framework */ = {isa = PBXFileReference; explicitFileType = wrapper.framework; includeInIndex = 0; path = Pods_starwars_app.framework; sourceTree = BUILT_PRODUCTS_DIR; };
		735B8F02850FA51D1016E1E4 /* Pods-starwars-app.debug.xcconfig */ = {isa = PBXFileReference; includeInIndex = 1; lastKnownFileType = text.xcconfig; name = "Pods-starwars-app.debug.xcconfig"; path = "Target Support Files/Pods-starwars-app/Pods-starwars-app.debug.xcconfig"; sourceTree = "<group>"; };
		7811A203240943BE0065BE56 /* starwars-app.app */ = {isa = PBXFileReference; explicitFileType = wrapper.application; includeInIndex = 0; path = "starwars-app.app"; sourceTree = BUILT_PRODUCTS_DIR; };
		7811A206240943BE0065BE56 /* AppDelegate.swift */ = {isa = PBXFileReference; lastKnownFileType = sourcecode.swift; path = AppDelegate.swift; sourceTree = "<group>"; };
		7811A208240943BE0065BE56 /* SceneDelegate.swift */ = {isa = PBXFileReference; lastKnownFileType = sourcecode.swift; path = SceneDelegate.swift; sourceTree = "<group>"; };
		7811A20A240943BE0065BE56 /* ViewController.swift */ = {isa = PBXFileReference; lastKnownFileType = sourcecode.swift; path = ViewController.swift; sourceTree = "<group>"; };
		7811A20D240943BE0065BE56 /* Base */ = {isa = PBXFileReference; lastKnownFileType = file.storyboard; name = Base; path = Base.lproj/Main.storyboard; sourceTree = "<group>"; };
		7811A20F240943BF0065BE56 /* Assets.xcassets */ = {isa = PBXFileReference; lastKnownFileType = folder.assetcatalog; path = Assets.xcassets; sourceTree = "<group>"; };
		7811A212240943BF0065BE56 /* Base */ = {isa = PBXFileReference; lastKnownFileType = file.storyboard; name = Base; path = Base.lproj/LaunchScreen.storyboard; sourceTree = "<group>"; };
		7811A214240943BF0065BE56 /* Info.plist */ = {isa = PBXFileReference; lastKnownFileType = text.plist.xml; path = Info.plist; sourceTree = "<group>"; };
		7811A21E24094C980065BE56 /* MoyaService.swift */ = {isa = PBXFileReference; lastKnownFileType = sourcecode.swift; path = MoyaService.swift; sourceTree = "<group>"; };
		7811A22824094ED20065BE56 /* BaseAPIResponse.swift */ = {isa = PBXFileReference; lastKnownFileType = sourcecode.swift; path = BaseAPIResponse.swift; sourceTree = "<group>"; };
		7811A22A2409502B0065BE56 /* PeopleAPIReponse.swift */ = {isa = PBXFileReference; lastKnownFileType = sourcecode.swift; path = PeopleAPIReponse.swift; sourceTree = "<group>"; };
		7811A22C240950B80065BE56 /* People.swift */ = {isa = PBXFileReference; lastKnownFileType = sourcecode.swift; path = People.swift; sourceTree = "<group>"; };
		91C0A0BC54594477EF0BE853 /* Pods-starwars-app.release.xcconfig */ = {isa = PBXFileReference; includeInIndex = 1; lastKnownFileType = text.xcconfig; name = "Pods-starwars-app.release.xcconfig"; path = "Target Support Files/Pods-starwars-app/Pods-starwars-app.release.xcconfig"; sourceTree = "<group>"; };
/* End PBXFileReference section */

/* Begin PBXFrameworksBuildPhase section */
		7811A200240943BE0065BE56 /* Frameworks */ = {
			isa = PBXFrameworksBuildPhase;
			buildActionMask = 2147483647;
			files = (
				B26E8B6398A7ED907C1EE3A5 /* Pods_starwars_app.framework in Frameworks */,
			);
			runOnlyForDeploymentPostprocessing = 0;
		};
/* End PBXFrameworksBuildPhase section */

/* Begin PBXGroup section */
		5BFCF50A6DC56F141A769E32 /* Pods */ = {
			isa = PBXGroup;
			children = (
				735B8F02850FA51D1016E1E4 /* Pods-starwars-app.debug.xcconfig */,
				91C0A0BC54594477EF0BE853 /* Pods-starwars-app.release.xcconfig */,
			);
			path = Pods;
			sourceTree = "<group>";
		};
		7811A1FA240943BE0065BE56 = {
			isa = PBXGroup;
			children = (
				7811A205240943BE0065BE56 /* starwars-app */,
				7811A204240943BE0065BE56 /* Products */,
				5BFCF50A6DC56F141A769E32 /* Pods */,
				7B389E45AF0C3497E02BBA36 /* Frameworks */,
			);
			sourceTree = "<group>";
		};
		7811A204240943BE0065BE56 /* Products */ = {
			isa = PBXGroup;
			children = (
				7811A203240943BE0065BE56 /* starwars-app.app */,
			);
			name = Products;
			sourceTree = "<group>";
		};
		7811A205240943BE0065BE56 /* starwars-app */ = {
			isa = PBXGroup;
			children = (
				7811A22224094CF70065BE56 /* Presentation */,
				7811A22024094CD70065BE56 /* Domain */,
				7811A22124094CE30065BE56 /* Data */,
				7811A21C240949E40065BE56 /* Infrastructure */,
				7811A21A2409466D0065BE56 /* Resources */,
			);
			path = "starwars-app";
			sourceTree = "<group>";
		};
		7811A21A2409466D0065BE56 /* Resources */ = {
			isa = PBXGroup;
			children = (
				7811A206240943BE0065BE56 /* AppDelegate.swift */,
				7811A208240943BE0065BE56 /* SceneDelegate.swift */,
				7811A20F240943BF0065BE56 /* Assets.xcassets */,
				7811A211240943BF0065BE56 /* LaunchScreen.storyboard */,
				7811A214240943BF0065BE56 /* Info.plist */,
			);
			name = Resources;
			sourceTree = "<group>";
		};
		7811A21C240949E40065BE56 /* Infrastructure */ = {
			isa = PBXGroup;
			children = (
				7811A21D24094C8A0065BE56 /* Services */,
			);
			path = Infrastructure;
			sourceTree = "<group>";
		};
		7811A21D24094C8A0065BE56 /* Services */ = {
			isa = PBXGroup;
			children = (
				7811A21E24094C980065BE56 /* MoyaService.swift */,
			);
			path = Services;
			sourceTree = "<group>";
		};
		7811A22024094CD70065BE56 /* Domain */ = {
			isa = PBXGroup;
			children = (
				7811A22324094D270065BE56 /* Entities */,
				7811A22424094D350065BE56 /* UseCase */,
				7811A22524094D4B0065BE56 /* Repositories */,
			);
			path = Domain;
			sourceTree = "<group>";
		};
		7811A22124094CE30065BE56 /* Data */ = {
			isa = PBXGroup;
			children = (
				7811A22624094D6B0065BE56 /* RepositoryImpl */,
				7811A22724094DC80065BE56 /* RemoteStorage */,
			);
			path = Data;
			sourceTree = "<group>";
		};
		7811A22224094CF70065BE56 /* Presentation */ = {
			isa = PBXGroup;
			children = (
				7811A20A240943BE0065BE56 /* ViewController.swift */,
				7811A20C240943BE0065BE56 /* Main.storyboard */,
			);
			path = Presentation;
			sourceTree = "<group>";
		};
		7811A22324094D270065BE56 /* Entities */ = {
			isa = PBXGroup;
			children = (
				7811A22C240950B80065BE56 /* People.swift */,
			);
			path = Entities;
			sourceTree = "<group>";
		};
		7811A22424094D350065BE56 /* UseCase */ = {
			isa = PBXGroup;
			children = (
			);
			path = UseCase;
			sourceTree = "<group>";
		};
		7811A22524094D4B0065BE56 /* Repositories */ = {
			isa = PBXGroup;
			children = (
			);
			path = Repositories;
			sourceTree = "<group>";
		};
		7811A22624094D6B0065BE56 /* RepositoryImpl */ = {
			isa = PBXGroup;
			children = (
			);
			path = RepositoryImpl;
			sourceTree = "<group>";
		};
		7811A22724094DC80065BE56 /* RemoteStorage */ = {
			isa = PBXGroup;
			children = (
				7811A22824094ED20065BE56 /* BaseAPIResponse.swift */,
				7811A22A2409502B0065BE56 /* PeopleAPIReponse.swift */,
			);
			path = RemoteStorage;
			sourceTree = "<group>";
		};
		7B389E45AF0C3497E02BBA36 /* Frameworks */ = {
			isa = PBXGroup;
			children = (
				69D3F0BBEE7F3CA968E63610 /* Pods_starwars_app.framework */,
			);
			name = Frameworks;
			sourceTree = "<group>";
		};
/* End PBXGroup section */

/* Begin PBXNativeTarget section */
		7811A202240943BE0065BE56 /* starwars-app */ = {
			isa = PBXNativeTarget;
			buildConfigurationList = 7811A217240943BF0065BE56 /* Build configuration list for PBXNativeTarget "starwars-app" */;
			buildPhases = (
				59D81E437F3C96920CB1F737 /* [CP] Check Pods Manifest.lock */,
				7811A1FF240943BE0065BE56 /* Sources */,
				7811A200240943BE0065BE56 /* Frameworks */,
				7811A201240943BE0065BE56 /* Resources */,
				E7C5622B44D565CF7FD73159 /* [CP] Embed Pods Frameworks */,
			);
			buildRules = (
			);
			dependencies = (
			);
			name = "starwars-app";
			productName = "starwars-app";
			productReference = 7811A203240943BE0065BE56 /* starwars-app.app */;
			productType = "com.apple.product-type.application";
		};
/* End PBXNativeTarget section */

/* Begin PBXProject section */
		7811A1FB240943BE0065BE56 /* Project object */ = {
			isa = PBXProject;
			attributes = {
				LastSwiftUpdateCheck = 1120;
				LastUpgradeCheck = 1120;
				ORGANIZATIONNAME = tinoco;
				TargetAttributes = {
					7811A202240943BE0065BE56 = {
						CreatedOnToolsVersion = 11.2.1;
					};
				};
			};
			buildConfigurationList = 7811A1FE240943BE0065BE56 /* Build configuration list for PBXProject "starwars-app" */;
			compatibilityVersion = "Xcode 9.3";
			developmentRegion = en;
			hasScannedForEncodings = 0;
			knownRegions = (
				en,
				Base,
			);
			mainGroup = 7811A1FA240943BE0065BE56;
			productRefGroup = 7811A204240943BE0065BE56 /* Products */;
			projectDirPath = "";
			projectRoot = "";
			targets = (
				7811A202240943BE0065BE56 /* starwars-app */,
			);
		};
/* End PBXProject section */

/* Begin PBXResourcesBuildPhase section */
		7811A201240943BE0065BE56 /* Resources */ = {
			isa = PBXResourcesBuildPhase;
			buildActionMask = 2147483647;
			files = (
				7811A213240943BF0065BE56 /* LaunchScreen.storyboard in Resources */,
				7811A210240943BF0065BE56 /* Assets.xcassets in Resources */,
				7811A20E240943BE0065BE56 /* Main.storyboard in Resources */,
			);
			runOnlyForDeploymentPostprocessing = 0;
		};
/* End PBXResourcesBuildPhase section */

/* Begin PBXShellScriptBuildPhase section */
		59D81E437F3C96920CB1F737 /* [CP] Check Pods Manifest.lock */ = {
			isa = PBXShellScriptBuildPhase;
			buildActionMask = 2147483647;
			files = (
			);
			inputFileListPaths = (
			);
			inputPaths = (
				"${PODS_PODFILE_DIR_PATH}/Podfile.lock",
				"${PODS_ROOT}/Manifest.lock",
			);
			name = "[CP] Check Pods Manifest.lock";
			outputFileListPaths = (
			);
			outputPaths = (
				"$(DERIVED_FILE_DIR)/Pods-starwars-app-checkManifestLockResult.txt",
			);
			runOnlyForDeploymentPostprocessing = 0;
			shellPath = /bin/sh;
			shellScript = "diff \"${PODS_PODFILE_DIR_PATH}/Podfile.lock\" \"${PODS_ROOT}/Manifest.lock\" > /dev/null\nif [ $? != 0 ] ; then\n    # print error to STDERR\n    echo \"error: The sandbox is not in sync with the Podfile.lock. Run 'pod install' or update your CocoaPods installation.\" >&2\n    exit 1\nfi\n# This output is used by Xcode 'outputs' to avoid re-running this script phase.\necho \"SUCCESS\" > \"${SCRIPT_OUTPUT_FILE_0}\"\n";
			showEnvVarsInLog = 0;
		};
		E7C5622B44D565CF7FD73159 /* [CP] Embed Pods Frameworks */ = {
			isa = PBXShellScriptBuildPhase;
			buildActionMask = 2147483647;
			files = (
			);
			inputFileListPaths = (
				"${PODS_ROOT}/Target Support Files/Pods-starwars-app/Pods-starwars-app-frameworks-${CONFIGURATION}-input-files.xcfilelist",
			);
			name = "[CP] Embed Pods Frameworks";
			outputFileListPaths = (
				"${PODS_ROOT}/Target Support Files/Pods-starwars-app/Pods-starwars-app-frameworks-${CONFIGURATION}-output-files.xcfilelist",
			);
			runOnlyForDeploymentPostprocessing = 0;
			shellPath = /bin/sh;
			shellScript = "\"${PODS_ROOT}/Target Support Files/Pods-starwars-app/Pods-starwars-app-frameworks.sh\"\n";
			showEnvVarsInLog = 0;
		};
/* End PBXShellScriptBuildPhase section */

/* Begin PBXSourcesBuildPhase section */
		7811A1FF240943BE0065BE56 /* Sources */ = {
			isa = PBXSourcesBuildPhase;
			buildActionMask = 2147483647;
			files = (
				7811A20B240943BE0065BE56 /* ViewController.swift in Sources */,
				7811A22B2409502B0065BE56 /* PeopleAPIReponse.swift in Sources */,
				7811A207240943BE0065BE56 /* AppDelegate.swift in Sources */,
				7811A209240943BE0065BE56 /* SceneDelegate.swift in Sources */,
				7811A21F24094C980065BE56 /* MoyaService.swift in Sources */,
				7811A22924094ED20065BE56 /* BaseAPIResponse.swift in Sources */,
				7811A22D240950B80065BE56 /* People.swift in Sources */,
			);
			runOnlyForDeploymentPostprocessing = 0;
		};
/* End PBXSourcesBuildPhase section */

/* Begin PBXVariantGroup section */
		7811A20C240943BE0065BE56 /* Main.storyboard */ = {
			isa = PBXVariantGroup;
			children = (
				7811A20D240943BE0065BE56 /* Base */,
			);
			name = Main.storyboard;
			sourceTree = "<group>";
		};
		7811A211240943BF0065BE56 /* LaunchScreen.storyboard */ = {
			isa = PBXVariantGroup;
			children = (
				7811A212240943BF0065BE56 /* Base */,
			);
			name = LaunchScreen.storyboard;
			sourceTree = "<group>";
		};
/* End PBXVariantGroup section */

/* Begin XCBuildConfiguration section */
		7811A215240943BF0065BE56 /* Debug */ = {
			isa = XCBuildConfiguration;
			buildSettings = {
				ALWAYS_SEARCH_USER_PATHS = NO;
				CLANG_ANALYZER_NONNULL = YES;
				CLANG_ANALYZER_NUMBER_OBJECT_CONVERSION = YES_AGGRESSIVE;
				CLANG_CXX_LANGUAGE_STANDARD = "gnu++14";
				CLANG_CXX_LIBRARY = "libc++";
				CLANG_ENABLE_MODULES = YES;
				CLANG_ENABLE_OBJC_ARC = YES;
				CLANG_ENABLE_OBJC_WEAK = YES;
				CLANG_WARN_BLOCK_CAPTURE_AUTORELEASING = YES;
				CLANG_WARN_BOOL_CONVERSION = YES;
				CLANG_WARN_COMMA = YES;
				CLANG_WARN_CONSTANT_CONVERSION = YES;
				CLANG_WARN_DEPRECATED_OBJC_IMPLEMENTATIONS = YES;
				CLANG_WARN_DIRECT_OBJC_ISA_USAGE = YES_ERROR;
				CLANG_WARN_DOCUMENTATION_COMMENTS = YES;
				CLANG_WARN_EMPTY_BODY = YES;
				CLANG_WARN_ENUM_CONVERSION = YES;
				CLANG_WARN_INFINITE_RECURSION = YES;
				CLANG_WARN_INT_CONVERSION = YES;
				CLANG_WARN_NON_LITERAL_NULL_CONVERSION = YES;
				CLANG_WARN_OBJC_IMPLICIT_RETAIN_SELF = YES;
				CLANG_WARN_OBJC_LITERAL_CONVERSION = YES;
				CLANG_WARN_OBJC_ROOT_CLASS = YES_ERROR;
				CLANG_WARN_RANGE_LOOP_ANALYSIS = YES;
				CLANG_WARN_STRICT_PROTOTYPES = YES;
				CLANG_WARN_SUSPICIOUS_MOVE = YES;
				CLANG_WARN_UNGUARDED_AVAILABILITY = YES_AGGRESSIVE;
				CLANG_WARN_UNREACHABLE_CODE = YES;
				CLANG_WARN__DUPLICATE_METHOD_MATCH = YES;
				COPY_PHASE_STRIP = NO;
				DEBUG_INFORMATION_FORMAT = dwarf;
				ENABLE_STRICT_OBJC_MSGSEND = YES;
				ENABLE_TESTABILITY = YES;
				GCC_C_LANGUAGE_STANDARD = gnu11;
				GCC_DYNAMIC_NO_PIC = NO;
				GCC_NO_COMMON_BLOCKS = YES;
				GCC_OPTIMIZATION_LEVEL = 0;
				GCC_PREPROCESSOR_DEFINITIONS = (
					"DEBUG=1",
					"$(inherited)",
				);
				GCC_WARN_64_TO_32_BIT_CONVERSION = YES;
				GCC_WARN_ABOUT_RETURN_TYPE = YES_ERROR;
				GCC_WARN_UNDECLARED_SELECTOR = YES;
				GCC_WARN_UNINITIALIZED_AUTOS = YES_AGGRESSIVE;
				GCC_WARN_UNUSED_FUNCTION = YES;
				GCC_WARN_UNUSED_VARIABLE = YES;
				IPHONEOS_DEPLOYMENT_TARGET = 13.2;
				MTL_ENABLE_DEBUG_INFO = INCLUDE_SOURCE;
				MTL_FAST_MATH = YES;
				ONLY_ACTIVE_ARCH = YES;
				SDKROOT = iphoneos;
				SWIFT_ACTIVE_COMPILATION_CONDITIONS = DEBUG;
				SWIFT_OPTIMIZATION_LEVEL = "-Onone";
			};
			name = Debug;
		};
		7811A216240943BF0065BE56 /* Release */ = {
			isa = XCBuildConfiguration;
			buildSettings = {
				ALWAYS_SEARCH_USER_PATHS = NO;
				CLANG_ANALYZER_NONNULL = YES;
				CLANG_ANALYZER_NUMBER_OBJECT_CONVERSION = YES_AGGRESSIVE;
				CLANG_CXX_LANGUAGE_STANDARD = "gnu++14";
				CLANG_CXX_LIBRARY = "libc++";
				CLANG_ENABLE_MODULES = YES;
				CLANG_ENABLE_OBJC_ARC = YES;
				CLANG_ENABLE_OBJC_WEAK = YES;
				CLANG_WARN_BLOCK_CAPTURE_AUTORELEASING = YES;
				CLANG_WARN_BOOL_CONVERSION = YES;
				CLANG_WARN_COMMA = YES;
				CLANG_WARN_CONSTANT_CONVERSION = YES;
				CLANG_WARN_DEPRECATED_OBJC_IMPLEMENTATIONS = YES;
				CLANG_WARN_DIRECT_OBJC_ISA_USAGE = YES_ERROR;
				CLANG_WARN_DOCUMENTATION_COMMENTS = YES;
				CLANG_WARN_EMPTY_BODY = YES;
				CLANG_WARN_ENUM_CONVERSION = YES;
				CLANG_WARN_INFINITE_RECURSION = YES;
				CLANG_WARN_INT_CONVERSION = YES;
				CLANG_WARN_NON_LITERAL_NULL_CONVERSION = YES;
				CLANG_WARN_OBJC_IMPLICIT_RETAIN_SELF = YES;
				CLANG_WARN_OBJC_LITERAL_CONVERSION = YES;
				CLANG_WARN_OBJC_ROOT_CLASS = YES_ERROR;
				CLANG_WARN_RANGE_LOOP_ANALYSIS = YES;
				CLANG_WARN_STRICT_PROTOTYPES = YES;
				CLANG_WARN_SUSPICIOUS_MOVE = YES;
				CLANG_WARN_UNGUARDED_AVAILABILITY = YES_AGGRESSIVE;
				CLANG_WARN_UNREACHABLE_CODE = YES;
				CLANG_WARN__DUPLICATE_METHOD_MATCH = YES;
				COPY_PHASE_STRIP = NO;
				DEBUG_INFORMATION_FORMAT = "dwarf-with-dsym";
				ENABLE_NS_ASSERTIONS = NO;
				ENABLE_STRICT_OBJC_MSGSEND = YES;
				GCC_C_LANGUAGE_STANDARD = gnu11;
				GCC_NO_COMMON_BLOCKS = YES;
				GCC_WARN_64_TO_32_BIT_CONVERSION = YES;
				GCC_WARN_ABOUT_RETURN_TYPE = YES_ERROR;
				GCC_WARN_UNDECLARED_SELECTOR = YES;
				GCC_WARN_UNINITIALIZED_AUTOS = YES_AGGRESSIVE;
				GCC_WARN_UNUSED_FUNCTION = YES;
				GCC_WARN_UNUSED_VARIABLE = YES;
				IPHONEOS_DEPLOYMENT_TARGET = 13.2;
				MTL_ENABLE_DEBUG_INFO = NO;
				MTL_FAST_MATH = YES;
				SDKROOT = iphoneos;
				SWIFT_COMPILATION_MODE = wholemodule;
				SWIFT_OPTIMIZATION_LEVEL = "-O";
				VALIDATE_PRODUCT = YES;
			};
			name = Release;
		};
		7811A218240943BF0065BE56 /* Debug */ = {
			isa = XCBuildConfiguration;
			baseConfigurationReference = 735B8F02850FA51D1016E1E4 /* Pods-starwars-app.debug.xcconfig */;
			buildSettings = {
				ASSETCATALOG_COMPILER_APPICON_NAME = AppIcon;
				CODE_SIGN_STYLE = Automatic;
				DEVELOPMENT_TEAM = 5FW3LWY33Q;
				INFOPLIST_FILE = "starwars-app/Info.plist";
				LD_RUNPATH_SEARCH_PATHS = (
					"$(inherited)",
					"@executable_path/Frameworks",
				);
				PRODUCT_BUNDLE_IDENTIFIER = "br.com.tinoco.starwars-app";
				PRODUCT_NAME = "$(TARGET_NAME)";
				SWIFT_VERSION = 5.0;
				TARGETED_DEVICE_FAMILY = "1,2";
			};
			name = Debug;
		};
		7811A219240943BF0065BE56 /* Release */ = {
			isa = XCBuildConfiguration;
			baseConfigurationReference = 91C0A0BC54594477EF0BE853 /* Pods-starwars-app.release.xcconfig */;
			buildSettings = {
				ASSETCATALOG_COMPILER_APPICON_NAME = AppIcon;
				CODE_SIGN_STYLE = Automatic;
				DEVELOPMENT_TEAM = 5FW3LWY33Q;
				INFOPLIST_FILE = "starwars-app/Info.plist";
				LD_RUNPATH_SEARCH_PATHS = (
					"$(inherited)",
					"@executable_path/Frameworks",
				);
				PRODUCT_BUNDLE_IDENTIFIER = "br.com.tinoco.starwars-app";
				PRODUCT_NAME = "$(TARGET_NAME)";
				SWIFT_VERSION = 5.0;
				TARGETED_DEVICE_FAMILY = "1,2";
			};
			name = Release;
		};
/* End XCBuildConfiguration section */

/* Begin XCConfigurationList section */
		7811A1FE240943BE0065BE56 /* Build configuration list for PBXProject "starwars-app" */ = {
			isa = XCConfigurationList;
			buildConfigurations = (
				7811A215240943BF0065BE56 /* Debug */,
				7811A216240943BF0065BE56 /* Release */,
			);
			defaultConfigurationIsVisible = 0;
			defaultConfigurationName = Release;
		};
		7811A217240943BF0065BE56 /* Build configuration list for PBXNativeTarget "starwars-app" */ = {
			isa = XCConfigurationList;
			buildConfigurations = (
				7811A218240943BF0065BE56 /* Debug */,
				7811A219240943BF0065BE56 /* Release */,
			);
			defaultConfigurationIsVisible = 0;
			defaultConfigurationName = Release;
		};
/* End XCConfigurationList section */
	};
	rootObject = 7811A1FB240943BE0065BE56 /* Project object */;
}
